{
  "name": "todowebpack",
  "version": "1.0.0",
  "lockfileVersion": 1,
  "requires": true,
  "dependencies": {
    "less": {
      "version": "http://registry.npm.taobao.org/less/download/less-3.9.0.tgz",
      "integrity": "sha512-31CmtPEZraNUtuUREYjSqRkeETFdyEHSEPAGq4erDlUXtda7pzNmctdljdIagSb589d/qXGWiiP31R5JVf+v0w==",
      "dev": true,
      "requires": {
        "clone": "http://registry.npm.taobao.org/clone/download/clone-2.1.2.tgz",
        "errno": "http://registry.npm.taobao.org/errno/download/errno-0.1.7.tgz",
        "graceful-fs": "http://registry.npm.taobao.org/graceful-fs/download/graceful-fs-4.1.15.tgz",
        "image-size": "http://registry.npm.taobao.org/image-size/download/image-size-0.5.5.tgz",
        "mime": "http://registry.npm.taobao.org/mime/download/mime-1.6.0.tgz",
        "mkdirp": "http://registry.npm.taobao.org/mkdirp/download/mkdirp-0.5.1.tgz",
        "promise": "http://registry.npm.taobao.org/promise/download/promise-7.3.1.tgz",
        "request": "http://registry.npm.taobao.org/request/download/request-2.88.0.tgz",
        "source-map": "http://registry.npm.taobao.org/source-map/download/source-map-0.6.1.tgz"
      },
      "dependencies": {
        "clone": {
          "version": "http://registry.npm.taobao.org/clone/download/clone-2.1.2.tgz",
          "integrity": "sha512-3Pe/CF1Nn94hyhIYpjtiLhdCoEoz0DqQ+988E9gmeEdQZlojxnOb74wctFyuwWQHzqyf9X7C7MG8juUpqBJT8w==",
          "dev": true
        },
        "errno": {
          "version": "http://registry.npm.taobao.org/errno/download/errno-0.1.7.tgz",
          "integrity": "sha512-MfrRBDWzIWifgq6tJj60gkAwtLNb6sQPlcFrSOflcP1aFmmruKQ2wRnze/8V6kgyz7H3FF8Npzv78mZ7XLLflg==",
          "dev": true,
          "optional": true,
          "requires": {
            "prr": "1.0.1"
          },
          "dependencies": {
            "prr": {
              "version": "1.0.1",
              "bundled": true,
              "dev": true,
              "optional": true
            }
          }
        },
        "graceful-fs": {
          "version": "http://registry.npm.taobao.org/graceful-fs/download/graceful-fs-4.1.15.tgz",
          "integrity": "sha512-6uHUhOPEBgQ24HM+r6b/QwWfZq+yiFcipKFrOFiBEnWdy5sdzYoi+pJeQaPI5qOLRFqWmAXUPQNsielzdLoecA==",
          "dev": true,
          "optional": true
        },
        "image-size": {
          "version": "http://registry.npm.taobao.org/image-size/download/image-size-0.5.5.tgz",
          "integrity": "sha512-6TDAlDPZxUFCv+fuOkIoXT/V/f3Qbq8e37p+YOiYrUv3v9cc3/6x78VdfPgFVaB9dZYeLUfKgHRebpkm/oP2VQ==",
          "dev": true,
          "optional": true
        },
        "mime": {
          "version": "http://registry.npm.taobao.org/mime/download/mime-1.6.0.tgz",
          "integrity": "sha512-x0Vn8spI+wuJ1O6S7gnbaQg8Pxh4NNHb7KSINmEWKiPE4RKOplvijn+NkmYmmRgP68mc70j2EbeTFRsrswaQeg==",
          "dev": true,
          "optional": true
        },
        "mkdirp": {
          "version": "http://registry.npm.taobao.org/mkdirp/download/mkdirp-0.5.1.tgz",
          "integrity": "sha512-SknJC52obPfGQPnjIkXbmA6+5H15E+fR+E4iR2oQ3zzCLbd7/ONua69R/Gw7AgkTLsRG+r5fzksYwWe1AgTyWA==",
          "dev": true,
          "optional": true,
          "requires": {
            "minimist": "0.0.8"
          },
          "dependencies": {
            "minimist": {
              "version": "0.0.8",
              "bundled": true,
              "dev": true,
              "optional": true
            }
          }
        },
        "promise": {
          "version": "http://registry.npm.taobao.org/promise/download/promise-7.3.1.tgz",
          "integrity": "sha512-nolQXZ/4L+bP/UGlkfaIujX9BKxGwmQ9OT4mOt5yvy8iK1h3wqTEJCijzGANTCCl9nWjY41juyAn2K3Q1hLLTg==",
          "dev": true,
          "optional": true,
          "requires": {
            "asap": "http://registry.npm.taobao.org/asap/download/asap-2.0.6.tgz"
          },
          "dependencies": {
            "asap": {
              "version": "http://registry.npm.taobao.org/asap/download/asap-2.0.6.tgz",
              "integrity": "sha512-BSHWgDSAiKs50o2Re8ppvp3seVHXSRM44cdSsT9FfNEUUZLOGWVCsiWaRPWM1Znn+mqZ1OfVZ3z3DWEzSp7hRA==",
              "dev": true,
              "optional": true
            }
          }
        },
        "request": {
          "version": "http://registry.npm.taobao.org/request/download/request-2.88.0.tgz",
          "integrity": "sha512-NAqBSrijGLZdM0WZNsInLJpkJokL72XYjUpnB0iwsRgxh7dB6COrHnTBNwN0E+lHDAJzu7kLAkDeY08z2/A0hg==",
          "dev": true,
          "optional": true,
          "requires": {
            "aws-sign2": "http://registry.npm.taobao.org/aws-sign2/download/aws-sign2-0.7.0.tgz",
            "aws4": "http://registry.npm.taobao.org/aws4/download/aws4-1.8.0.tgz",
            "caseless": "http://registry.npm.taobao.org/caseless/download/caseless-0.12.0.tgz",
            "combined-stream": "http://registry.npm.taobao.org/combined-stream/download/combined-stream-1.0.7.tgz",
            "extend": "http://registry.npm.taobao.org/extend/download/extend-3.0.2.tgz",
            "forever-agent": "http://registry.npm.taobao.org/forever-agent/download/forever-agent-0.6.1.tgz",
            "form-data": "http://registry.npm.taobao.org/form-data/download/form-data-2.3.3.tgz",
            "har-validator": "http://registry.npm.taobao.org/har-validator/download/har-validator-5.1.3.tgz",
            "http-signature": "http://registry.npm.taobao.org/http-signature/download/http-signature-1.2.0.tgz",
            "is-typedarray": "http://registry.npm.taobao.org/is-typedarray/download/is-typedarray-1.0.0.tgz",
            "isstream": "http://registry.npm.taobao.org/isstream/download/isstream-0.1.2.tgz",
            "json-stringify-safe": "http://registry.npm.taobao.org/json-stringify-safe/download/json-stringify-safe-5.0.1.tgz",
            "mime-types": "http://registry.npm.taobao.org/mime-types/download/mime-types-2.1.22.tgz",
            "oauth-sign": "http://registry.npm.taobao.org/oauth-sign/download/oauth-sign-0.9.0.tgz",
            "performance-now": "http://registry.npm.taobao.org/performance-now/download/performance-now-2.1.0.tgz",
            "qs": "http://registry.npm.taobao.org/qs/download/qs-6.5.2.tgz",
            "safe-buffer": "http://registry.npm.taobao.org/safe-buffer/download/safe-buffer-5.1.2.tgz",
            "tough-cookie": "http://registry.npm.taobao.org/tough-cookie/download/tough-cookie-2.4.3.tgz",
            "tunnel-agent": "http://registry.npm.taobao.org/tunnel-agent/download/tunnel-agent-0.6.0.tgz",
            "uuid": "http://registry.npm.taobao.org/uuid/download/uuid-3.3.2.tgz"
          },
          "dependencies": {
            "aws-sign2": {
              "version": "http://registry.npm.taobao.org/aws-sign2/download/aws-sign2-0.7.0.tgz",
              "integrity": "sha512-08kcGqnYf/YmjoRhfxyu+CLxBjUtHLXLXX/vUfx9l2LYzG3c1m61nrpyFUZI6zeS+Li/wWMMidD9KgrqtGq3mA==",
              "dev": true,
              "optional": true
            },
            "aws4": {
              "version": "http://registry.npm.taobao.org/aws4/download/aws4-1.8.0.tgz",
              "integrity": "sha512-ReZxvNHIOv88FlT7rxcXIIC0fPt4KZqZbOlivyWtXLt8ESx84zd3kMC6iK5jVeS2qt+g7ftS7ye4fi06X5rtRQ==",
              "dev": true,
              "optional": true
            },
            "caseless": {
              "version": "http://registry.npm.taobao.org/caseless/download/caseless-0.12.0.tgz",
              "integrity": "sha512-4tYFyifaFfGacoiObjJegolkwSU4xQNGbVgUiNYVUxbQ2x2lUsFvY4hVgVzGiIe6WLOPqycWXA40l+PWsxthUw==",
              "dev": true,
              "optional": true
            },
            "combined-stream": {
              "version": "http://registry.npm.taobao.org/combined-stream/download/combined-stream-1.0.7.tgz",
              "integrity": "sha512-brWl9y6vOB1xYPZcpZde3N9zDByXTosAeMDo4p1wzo6UMOX4vumB+TP1RZ76sfE6Md68Q0NJSrE/gbezd4Ul+w==",
              "dev": true,
              "optional": true,
              "requires": {
                "delayed-stream": "1.0.0"
              },
              "dependencies": {
                "delayed-stream": {
                  "version": "1.0.0",
                  "bundled": true,
                  "dev": true
                }
              }
            },
            "extend": {
              "version": "http://registry.npm.taobao.org/extend/download/extend-3.0.2.tgz",
              "integrity": "sha512-fjquC59cD7CyW6urNXK0FBufkZcoiGG80wTuPujX590cB5Ttln20E2UB4S/WARVqhXffZl2LNgS+gQdPIIim/g==",
              "dev": true,
              "optional": true
            },
            "forever-agent": {
              "version": "http://registry.npm.taobao.org/forever-agent/download/forever-agent-0.6.1.tgz",
              "integrity": "sha512-j0KLYPhm6zeac4lz3oJ3o65qvgQCcPubiyotZrXqEaG4hNagNYO8qdlUrX5vwqv9ohqeT/Z3j6+yW067yWWdUw==",
              "dev": true,
              "optional": true
            },
            "form-data": {
              "version": "http://registry.npm.taobao.org/form-data/download/form-data-2.3.3.tgz",
              "integrity": "sha512-1lLKB2Mu3aGP1Q/2eCOx0fNbRMe7XdwktwOruhfqqd0rIJWwN4Dh+E3hrPSlDCXnSR7UtZ1N38rVXm+6+MEhJQ==",
              "dev": true,
              "optional": true,
              "requires": {
                "asynckit": "0.4.0",
                "combined-stream": "1.0.7",
                "mime-types": "2.1.22"
              },
              "dependencies": {
                "asynckit": {
                  "version": "0.4.0",
                  "bundled": true,
                  "dev": true,
                  "optional": true
                },
                "combined-stream": {
                  "version": "1.0.7",
                  "bundled": true,
                  "dev": true,
                  "optional": true,
                  "requires": {
                    "delayed-stream": "1.0.0"
                  },
                  "dependencies": {
                    "delayed-stream": {
                      "version": "1.0.0",
                      "bundled": true,
                      "dev": true
                    }
                  }
                },
                "mime-types": {
                  "version": "2.1.22",
                  "bundled": true,
                  "dev": true,
                  "optional": true,
                  "requires": {
                    "mime-db": "1.38.0"
                  },
                  "dependencies": {
                    "mime-db": {
                      "version": "1.38.0",
                      "resolved": "http://registry.npm.taobao.org/mime-db/download/mime-db-1.38.0.tgz",
                      "dev": true
                    }
                  }
                }
              }
            },
            "har-validator": {
              "version": "http://registry.npm.taobao.org/har-validator/download/har-validator-5.1.3.tgz",
              "integrity": "sha512-sNvOCzEQNr/qrvJgc3UG/kD4QtlHycrzwS+6mfTrrSq97BvaYcPZZI1ZSqGSPR73Cxn4LKTD4PttRwfU7jWq5g==",
              "dev": true,
              "optional": true,
              "requires": {
                "ajv": "http://registry.npm.taobao.org/ajv/download/ajv-6.9.2.tgz",
                "har-schema": "http://registry.npm.taobao.org/har-schema/download/har-schema-2.0.0.tgz"
              },
              "dependencies": {
                "ajv": {
                  "version": "http://registry.npm.taobao.org/ajv/download/ajv-6.9.2.tgz",
                  "integrity": "sha512-4UFy0/LgDo7Oa/+wOAlj44tp9K78u38E5/359eSrqEp1Z5PdVfimCcs7SluXMP755RUQu6d2b4AvF0R1C9RZjg==",
                  "dev": true,
                  "optional": true,
                  "requires": {
                    "fast-deep-equal": "2.0.1",
                    "fast-json-stable-stringify": "2.0.0",
                    "json-schema-traverse": "0.4.1",
                    "uri-js": "4.2.2"
                  },
                  "dependencies": {
                    "fast-deep-equal": {
                      "version": "2.0.1",
                      "bundled": true,
                      "dev": true,
                      "optional": true
                    },
                    "fast-json-stable-stringify": {
                      "version": "2.0.0",
                      "bundled": true,
                      "dev": true,
                      "optional": true
                    },
                    "json-schema-traverse": {
                      "version": "0.4.1",
                      "bundled": true,
                      "dev": true,
                      "optional": true
                    },
                    "uri-js": {
                      "version": "4.2.2",
                      "bundled": true,
                      "dev": true,
                      "optional": true,
                      "requires": {
                        "punycode": "2.1.1"
                      },
                      "dependencies": {
                        "punycode": {
                          "version": "2.1.1",
                          "resolved": "http://registry.npm.taobao.org/punycode/download/punycode-2.1.1.tgz",
                          "dev": true,
                          "optional": true
                        }
                      }
                    }
                  }
                },
                "har-schema": {
                  "version": "http://registry.npm.taobao.org/har-schema/download/har-schema-2.0.0.tgz",
                  "integrity": "sha512-Oqluz6zhGX8cyRaTQlFMPw80bSJVG2x/cFb8ZPhUILGgHka9SsokCCOQgpveePerqidZOrT14ipqfJb7ILcW5Q==",
                  "dev": true,
                  "optional": true
                }
              }
            },
            "http-signature": {
              "version": "http://registry.npm.taobao.org/http-signature/download/http-signature-1.2.0.tgz",
              "integrity": "sha512-CAbnr6Rz4CYQkLYUtSNXxQPUH2gK8f3iWexVlsnMeD+GjlsQ0Xsy1cOX+mN3dtxYomRy21CiOzU8Uhw6OwncEQ==",
              "dev": true,
              "optional": true,
              "requires": {
                "assert-plus": "http://registry.npm.taobao.org/assert-plus/download/assert-plus-1.0.0.tgz",
                "jsprim": "http://registry.npm.taobao.org/jsprim/download/jsprim-1.4.1.tgz",
                "sshpk": "http://registry.npm.taobao.org/sshpk/download/sshpk-1.16.1.tgz"
              },
              "dependencies": {
                "assert-plus": {
                  "version": "http://registry.npm.taobao.org/assert-plus/download/assert-plus-1.0.0.tgz",
                  "integrity": "sha512-NfJ4UzBCcQGLDlQq7nHxH+tv3kyZ0hHQqF5BO6J7tNJeP5do1llPr8dZ8zHonfhAu0PHAdMkSo+8o0wxg9lZWw==",
                  "dev": true,
                  "optional": true
                },
                "jsprim": {
                  "version": "http://registry.npm.taobao.org/jsprim/download/jsprim-1.4.1.tgz",
                  "integrity": "sha512-4Dj8Rf+fQ+/Pn7C5qeEX02op1WfOss3PKTE9Nsop3Dx+6UPxlm1dr/og7o2cRa5hNN07CACr4NFzRLtj/rjWog==",
                  "dev": true,
                  "optional": true,
                  "requires": {
                    "assert-plus": "http://registry.npm.taobao.org/assert-plus/download/assert-plus-1.0.0.tgz",
                    "extsprintf": "http://registry.npm.taobao.org/extsprintf/download/extsprintf-1.3.0.tgz",
                    "json-schema": "http://registry.npm.taobao.org/json-schema/download/json-schema-0.2.3.tgz",
                    "verror": "http://registry.npm.taobao.org/verror/download/verror-1.10.0.tgz"
                  },
                  "dependencies": {
                    "assert-plus": {
                      "version": "http://registry.npm.taobao.org/assert-plus/download/assert-plus-1.0.0.tgz",
                      "integrity": "sha512-NfJ4UzBCcQGLDlQq7nHxH+tv3kyZ0hHQqF5BO6J7tNJeP5do1llPr8dZ8zHonfhAu0PHAdMkSo+8o0wxg9lZWw==",
                      "dev": true,
                      "optional": true
                    },
                    "extsprintf": {
                      "version": "http://registry.npm.taobao.org/extsprintf/download/extsprintf-1.3.0.tgz",
                      "integrity": "sha512-11Ndz7Nv+mvAC1j0ktTa7fAb0vLyGGX+rMHNBYQviQDGU0Hw7lhctJANqbPhu9nV9/izT/IntTgZ7Im/9LJs9g==",
                      "dev": true,
                      "optional": true
                    },
                    "json-schema": {
                      "version": "http://registry.npm.taobao.org/json-schema/download/json-schema-0.2.3.tgz",
                      "integrity": "sha512-a3xHnILGMtk+hDOqNwHzF6e2fNbiMrXZvxKQiEv2MlgQP+pjIOzqAmKYD2mDpXYE/44M7g+n9p2bKkYWDUcXCQ==",
                      "dev": true,
                      "optional": true
                    },
                    "verror": {
                      "version": "http://registry.npm.taobao.org/verror/download/verror-1.10.0.tgz",
                      "integrity": "sha512-ZZKSmDAEFOijERBLkmYfJ+vmk3w+7hOLYDNkRCuRuMJGEmqYNCNLyBBFwWKVMhfwaEF3WOd0Zlw86U/WC/+nYw==",
                      "dev": true,
                      "optional": true,
                      "requires": {
                        "assert-plus": "1.0.0",
                        "core-util-is": "1.0.2",
                        "extsprintf": "1.4.0"
                      },
                      "dependencies": {
                        "assert-plus": {
                          "version": "1.0.0",
                          "bundled": true,
                          "dev": true,
                          "optional": true
                        },
                        "core-util-is": {
                          "version": "1.0.2",
                          "bundled": true,
                          "dev": true,
                          "optional": true
                        },
                        "extsprintf": {
                          "version": "1.4.0",
                          "bundled": true,
                          "dev": true,
                          "optional": true
                        }
                      }
                    }
                  }
                },
                "sshpk": {
                  "version": "http://registry.npm.taobao.org/sshpk/download/sshpk-1.16.1.tgz",
                  "integrity": "sha512-HXXqVUq7+pcKeLqqZj6mHFUMvXtOJt1uoUx09pFW6011inTMxqI8BA8PM95myrIyyKwdnzjdFjLiE6KBPVtJIg==",
                  "dev": true,
                  "optional": true,
                  "requires": {
                    "asn1": "http://registry.npm.taobao.org/asn1/download/asn1-0.2.4.tgz",
                    "assert-plus": "http://registry.npm.taobao.org/assert-plus/download/assert-plus-1.0.0.tgz",
                    "bcrypt-pbkdf": "http://registry.npm.taobao.org/bcrypt-pbkdf/download/bcrypt-pbkdf-1.0.2.tgz",
                    "dashdash": "http://registry.npm.taobao.org/dashdash/download/dashdash-1.14.1.tgz",
                    "ecc-jsbn": "http://registry.npm.taobao.org/ecc-jsbn/download/ecc-jsbn-0.1.2.tgz",
                    "getpass": "http://registry.npm.taobao.org/getpass/download/getpass-0.1.7.tgz",
                    "jsbn": "http://registry.npm.taobao.org/jsbn/download/jsbn-0.1.1.tgz",
                    "safer-buffer": "http://registry.npm.taobao.org/safer-buffer/download/safer-buffer-2.1.2.tgz",
                    "tweetnacl": "http://registry.npm.taobao.org/tweetnacl/download/tweetnacl-0.14.5.tgz"
                  },
                  "dependencies": {
                    "asn1": {
                      "version": "http://registry.npm.taobao.org/asn1/download/asn1-0.2.4.tgz",
                      "integrity": "sha512-jxwzQpLQjSmWXgwaCZE9Nz+glAG01yF1QnWgbhGwHI5A6FRIEY6IVqtHhIepHqI7/kyEyQEagBC5mBEFlIYvdg==",
                      "dev": true,
                      "optional": true,
                      "requires": {
                        "safer-buffer": "2.1.2"
                      },
                      "dependencies": {
                        "safer-buffer": {
                          "version": "2.1.2",
                          "bundled": true,
                          "dev": true,
                          "optional": true
                        }
                      }
                    },
                    "assert-plus": {
                      "version": "http://registry.npm.taobao.org/assert-plus/download/assert-plus-1.0.0.tgz",
                      "integrity": "sha512-NfJ4UzBCcQGLDlQq7nHxH+tv3kyZ0hHQqF5BO6J7tNJeP5do1llPr8dZ8zHonfhAu0PHAdMkSo+8o0wxg9lZWw==",
                      "dev": true,
                      "optional": true
                    },
                    "bcrypt-pbkdf": {
                      "version": "http://registry.npm.taobao.org/bcrypt-pbkdf/download/bcrypt-pbkdf-1.0.2.tgz",
                      "integrity": "sha512-qeFIXtP4MSoi6NLqO12WfqARWWuCKi2Rn/9hJLEmtB5yTNr9DqFWkJRCf2qShWzPeAMRnOgCrq0sg/KLv5ES9w==",
                      "dev": true,
                      "optional": true,
                      "requires": {
                        "tweetnacl": "http://registry.npm.taobao.org/tweetnacl/download/tweetnacl-0.14.5.tgz"
                      },
                      "dependencies": {
                        "tweetnacl": {
                          "version": "http://registry.npm.taobao.org/tweetnacl/download/tweetnacl-0.14.5.tgz",
                          "integrity": "sha512-KXXFFdAbFXY4geFIwoyNK+f5Z1b7swfXABfL7HXCmoIWMKU3dmS26672A4EeQtDzLKy7SXmfBu51JolvEKwtGA==",
                          "dev": true,
                          "optional": true
                        }
                      }
                    },
                    "dashdash": {
                      "version": "http://registry.npm.taobao.org/dashdash/download/dashdash-1.14.1.tgz",
                      "integrity": "sha512-jRFi8UDGo6j+odZiEpjazZaWqEal3w/basFjQHQEwVtZJGDpxbH1MeYluwCS8Xq5wmLJooDlMgvVarmWfGM44g==",
                      "dev": true,
                      "optional": true,
                      "requires": {
                        "assert-plus": "http://registry.npm.taobao.org/assert-plus/download/assert-plus-1.0.0.tgz"
                      },
                      "dependencies": {
                        "assert-plus": {
                          "version": "http://registry.npm.taobao.org/assert-plus/download/assert-plus-1.0.0.tgz",
                          "integrity": "sha512-NfJ4UzBCcQGLDlQq7nHxH+tv3kyZ0hHQqF5BO6J7tNJeP5do1llPr8dZ8zHonfhAu0PHAdMkSo+8o0wxg9lZWw==",
                          "dev": true,
                          "optional": true
                        }
                      }
                    },
                    "ecc-jsbn": {
                      "version": "http://registry.npm.taobao.org/ecc-jsbn/download/ecc-jsbn-0.1.2.tgz",
                      "integrity": "sha512-eh9O+hwRHNbG4BLTjEl3nw044CkGm5X6LoaCf7LPp7UU8Qrt47JYNi6nPX8xjW97TKGKm1ouctg0QSpZe9qrnw==",
                      "dev": true,
                      "optional": true,
                      "requires": {
                        "jsbn": "0.1.1",
                        "safer-buffer": "2.1.2"
                      },
                      "dependencies": {
                        "jsbn": {
                          "version": "0.1.1",
                          "bundled": true,
                          "dev": true,
                          "optional": true
                        },
                        "safer-buffer": {
                          "version": "2.1.2",
                          "bundled": true,
                          "dev": true,
                          "optional": true
                        }
                      }
                    },
                    "getpass": {
                      "version": "http://registry.npm.taobao.org/getpass/download/getpass-0.1.7.tgz",
                      "integrity": "sha512-0fzj9JxOLfJ+XGLhR8ze3unN0KZCgZwiSSDz168VERjK8Wl8kVSdcu2kspd4s4wtAa1y/qrVRiAA0WclVsu0ng==",
                      "dev": true,
                      "optional": true,
                      "requires": {
                        "assert-plus": "http://registry.npm.taobao.org/assert-plus/download/assert-plus-1.0.0.tgz"
                      },
                      "dependencies": {
                        "assert-plus": {
                          "version": "http://registry.npm.taobao.org/assert-plus/download/assert-plus-1.0.0.tgz",
                          "integrity": "sha512-NfJ4UzBCcQGLDlQq7nHxH+tv3kyZ0hHQqF5BO6J7tNJeP5do1llPr8dZ8zHonfhAu0PHAdMkSo+8o0wxg9lZWw==",
                          "dev": true,
                          "optional": true
                        }
                      }
                    },
                    "jsbn": {
                      "version": "http://registry.npm.taobao.org/jsbn/download/jsbn-0.1.1.tgz",
                      "integrity": "sha512-UVU9dibq2JcFWxQPA6KCqj5O42VOmAY3zQUfEKxU0KpTGXwNoCjkX1e13eHNvw/xPynt6pU0rZ1htjWTNTSXsg==",
                      "dev": true,
                      "optional": true
                    },
                    "safer-buffer": {
                      "version": "http://registry.npm.taobao.org/safer-buffer/download/safer-buffer-2.1.2.tgz",
                      "integrity": "sha512-YZo3K82SD7Riyi0E1EQPojLz7kpepnSQI9IyPbHHg1XXXevb5dJI7tpyN2ADxGcQbHG7vcyRHk0cbwqcQriUtg==",
                      "dev": true,
                      "optional": true
                    },
                    "tweetnacl": {
                      "version": "http://registry.npm.taobao.org/tweetnacl/download/tweetnacl-0.14.5.tgz",
                      "integrity": "sha512-KXXFFdAbFXY4geFIwoyNK+f5Z1b7swfXABfL7HXCmoIWMKU3dmS26672A4EeQtDzLKy7SXmfBu51JolvEKwtGA==",
                      "dev": true,
                      "optional": true
                    }
                  }
                }
              }
            },
            "is-typedarray": {
              "version": "http://registry.npm.taobao.org/is-typedarray/download/is-typedarray-1.0.0.tgz",
              "integrity": "sha512-cyA56iCMHAh5CdzjJIa4aohJyeO1YbwLi3Jc35MmRU6poroFjIGZzUzupGiRPOjgHg9TLu43xbpwXk523fMxKA==",
              "dev": true,
              "optional": true
            },
            "isstream": {
              "version": "http://registry.npm.taobao.org/isstream/download/isstream-0.1.2.tgz",
              "integrity": "sha512-Yljz7ffyPbrLpLngrMtZ7NduUgVvi6wG9RJ9IUcyCd59YQ911PBJphODUcbOVbqYfxe1wuYf/LJ8PauMRwsM/g==",
              "dev": true,
              "optional": true
            },
            "json-stringify-safe": {
              "version": "http://registry.npm.taobao.org/json-stringify-safe/download/json-stringify-safe-5.0.1.tgz",
              "integrity": "sha512-ZClg6AaYvamvYEE82d3Iyd3vSSIjQ+odgjaTzRuO3s7toCdFKczob2i0zCh7JE8kWn17yvAWhUVxvqGwUalsRA==",
              "dev": true,
              "optional": true
            },
            "mime-types": {
              "version": "http://registry.npm.taobao.org/mime-types/download/mime-types-2.1.22.tgz",
              "integrity": "sha512-aGl6TZGnhm/li6F7yx82bJiBZwgiEa4Hf6CNr8YO+r5UHr53tSTYZb102zyU50DOWWKeOv0uQLRL0/9EiKWCog==",
              "dev": true,
              "optional": true,
              "requires": {
                "mime-db": "http://registry.npm.taobao.org/mime-db/download/mime-db-1.38.0.tgz"
              },
              "dependencies": {
                "mime-db": {
                  "version": "http://registry.npm.taobao.org/mime-db/download/mime-db-1.38.0.tgz",
                  "integrity": "sha512-bqVioMFFzc2awcdJZIzR3HjZFX20QhilVS7hytkKrv7xFAn8bM1gzc/FOX2awLISvWe0PV8ptFKcon+wZ5qYkg==",
                  "dev": true,
                  "optional": true
                }
              }
            },
            "oauth-sign": {
              "version": "http://registry.npm.taobao.org/oauth-sign/download/oauth-sign-0.9.0.tgz",
              "integrity": "sha512-fexhUFFPTGV8ybAtSIGbV6gOkSv8UtRbDBnAyLQw4QPKkgNlsH2ByPGtMUqdWkos6YCRmAqViwgZrJc/mRDzZQ==",
              "dev": true,
              "optional": true
            },
            "performance-now": {
              "version": "http://registry.npm.taobao.org/performance-now/download/performance-now-2.1.0.tgz",
              "integrity": "sha512-7EAHlyLHI56VEIdK57uwHdHKIaAGbnXPiw0yWbarQZOKaKpvUIgW0jWRVLiatnM+XXlSwsanIBH/hzGMJulMow==",
              "dev": true,
              "optional": true
            },
            "qs": {
              "version": "http://registry.npm.taobao.org/qs/download/qs-6.5.2.tgz",
              "integrity": "sha512-N5ZAX4/LxJmF+7wN74pUD6qAh9/wnvdQcjq9TZjevvXzSUo7bfmw91saqMjzGS2xq91/odN2dW/WOl7qQHNDGA==",
              "dev": true,
              "optional": true
            },
            "safe-buffer": {
              "version": "http://registry.npm.taobao.org/safe-buffer/download/safe-buffer-5.1.2.tgz",
              "integrity": "sha512-Gd2UZBJDkXlY7GbJxfsE8/nvKkUEU1G38c1siN6QP6a9PT9MmHB8GnpscSmMJSoF8LOIrt8ud/wPtojys4G6+g==",
              "dev": true,
              "optional": true
            },
            "tough-cookie": {
              "version": "http://registry.npm.taobao.org/tough-cookie/download/tough-cookie-2.4.3.tgz",
              "integrity": "sha512-Q5srk/4vDM54WJsJio3XNn6K2sCG+CQ8G5Wz6bZhRZoAe/+TxjWB/GlFAnYEbkYVlON9FMk/fE3h2RLpPXo4lQ==",
              "dev": true,
              "optional": true,
              "requires": {
                "psl": "1.1.31",
                "punycode": "1.4.1"
              },
              "dependencies": {
                "psl": {
                  "version": "1.1.31",
                  "bundled": true,
                  "dev": true,
                  "optional": true
                },
                "punycode": {
                  "version": "1.4.1",
                  "bundled": true,
                  "dev": true,
                  "optional": true
                }
              }
            },
            "tunnel-agent": {
              "version": "http://registry.npm.taobao.org/tunnel-agent/download/tunnel-agent-0.6.0.tgz",
              "integrity": "sha512-McnNiV1l8RYeY8tBgEpuodCC1mLUdbSN+CYBL7kJsJNInOP8UjDDEwdk6Mw60vdLLrr5NHKZhMAOSrR2NZuQ+w==",
              "dev": true,
              "optional": true,
              "requires": {
                "safe-buffer": "5.1.2"
              },
              "dependencies": {
                "safe-buffer": {
                  "version": "5.1.2",
                  "bundled": true,
                  "dev": true,
                  "optional": true
                }
              }
            },
            "uuid": {
              "version": "http://registry.npm.taobao.org/uuid/download/uuid-3.3.2.tgz",
              "integrity": "sha512-yXJmeNaw3DnnKAOKJE51sL/ZaYfWJRl1pK9dr19YFCu0ObS231AB1/LbqTKRAQ5kw8A90rA6fr4riOUpTZvQZA==",
              "dev": true,
              "optional": true
            }
          }
        },
        "source-map": {
          "version": "http://registry.npm.taobao.org/source-map/download/source-map-0.6.1.tgz",
          "integrity": "sha512-UjgapumWlbMhkBgzT7Ykc5YXUT46F0iKu8SGXq0bcwP5dz/h0Plj6enJqjz1Zbq2l5WaqYnrVbwWOWMyF3F47g==",
          "dev": true,
          "optional": true
        }
      }
    }
  }
}
